// !$*UTF8*$!
{
	archiveVersion = 1;
	classes = {
	};
	objectVersion = 56;
	objects = {

/* Begin PBXBuildFile section */
		EA007A1B2B7F615D00E31ADA /* AppDelegate.swift in Sources */ = {isa = PBXBuildFile; fileRef = EA007A1A2B7F615D00E31ADA /* AppDelegate.swift */; };
		EA007A1F2B7F615D00E31ADA /* ToiletListViewController.swift in Sources */ = {isa = PBXBuildFile; fileRef = EA007A1E2B7F615D00E31ADA /* ToiletListViewController.swift */; };
		EA007A242B7F616000E31ADA /* Assets.xcassets in Resources */ = {isa = PBXBuildFile; fileRef = EA007A232B7F616000E31ADA /* Assets.xcassets */; };
		EA007A272B7F616000E31ADA /* LaunchScreen.storyboard in Resources */ = {isa = PBXBuildFile; fileRef = EA007A252B7F616000E31ADA /* LaunchScreen.storyboard */; };
		EA007A322B7F616000E31ADA /* RssToiletsTests.swift in Sources */ = {isa = PBXBuildFile; fileRef = EA007A312B7F616000E31ADA /* RssToiletsTests.swift */; };
		EA007A512B7F69D200E31ADA /* AppConfiguration.swift in Sources */ = {isa = PBXBuildFile; fileRef = EA007A502B7F69D200E31ADA /* AppConfiguration.swift */; };
		EA007A542B7F6B0E00E31ADA /* AppDIContainer.swift in Sources */ = {isa = PBXBuildFile; fileRef = EA007A532B7F6B0E00E31ADA /* AppDIContainer.swift */; };
		EA007A562B7F6B5F00E31ADA /* AppFlowCoordinator.swift in Sources */ = {isa = PBXBuildFile; fileRef = EA007A552B7F6B5F00E31ADA /* AppFlowCoordinator.swift */; };
		EA007A582B7F6B9900E31ADA /* AppAppearance.swift in Sources */ = {isa = PBXBuildFile; fileRef = EA007A572B7F6B9900E31ADA /* AppAppearance.swift */; };
		EA007A5C2B7F6E8B00E31ADA /* Endpoint.swift in Sources */ = {isa = PBXBuildFile; fileRef = EA007A5B2B7F6E8B00E31ADA /* Endpoint.swift */; };
		EA007A5E2B7F6F3200E31ADA /* APIEndpoints.swift in Sources */ = {isa = PBXBuildFile; fileRef = EA007A5D2B7F6F3200E31ADA /* APIEndpoints.swift */; };
		EA007A602B7F729E00E31ADA /* NetworkConfig.swift in Sources */ = {isa = PBXBuildFile; fileRef = EA007A5F2B7F729E00E31ADA /* NetworkConfig.swift */; };
		EA007A662B7F76AC00E31ADA /* RemoteToiletsRequest.swift in Sources */ = {isa = PBXBuildFile; fileRef = EA007A652B7F76AC00E31ADA /* RemoteToiletsRequest.swift */; };
		EA007A682B7F76B900E31ADA /* RemoteToilets.swift in Sources */ = {isa = PBXBuildFile; fileRef = EA007A672B7F76B900E31ADA /* RemoteToilets.swift */; };
		EA007A6B2B7F7B6900E31ADA /* ToiletsRepositoryImpl.swift in Sources */ = {isa = PBXBuildFile; fileRef = EA007A6A2B7F7B6900E31ADA /* ToiletsRepositoryImpl.swift */; };
		EA007A6E2B7F7C0F00E31ADA /* ToiletsRepository.swift in Sources */ = {isa = PBXBuildFile; fileRef = EA007A6D2B7F7C0F00E31ADA /* ToiletsRepository.swift */; };
		EA007A702B7F7D9B00E31ADA /* NetworkService.swift in Sources */ = {isa = PBXBuildFile; fileRef = EA007A6F2B7F7D9B00E31ADA /* NetworkService.swift */; };
		EA007A742B7F9E0900E31ADA /* ToiletListUseCase.swift in Sources */ = {isa = PBXBuildFile; fileRef = EA007A732B7F9E0900E31ADA /* ToiletListUseCase.swift */; };
		EA007A772B7F9EF100E31ADA /* Toilet.swift in Sources */ = {isa = PBXBuildFile; fileRef = EA007A762B7F9EF100E31ADA /* Toilet.swift */; };
		EA007A7A2B7FA5F700E31ADA /* ToiletListPresenter.swift in Sources */ = {isa = PBXBuildFile; fileRef = EA007A792B7FA5F700E31ADA /* ToiletListPresenter.swift */; };
		EA007A7D2B7FA6D800E31ADA /* ToiletViewModel.swift in Sources */ = {isa = PBXBuildFile; fileRef = EA007A7C2B7FA6D800E31ADA /* ToiletViewModel.swift */; };
		EA007A802B7FACEA00E31ADA /* ToiletViewCell.swift in Sources */ = {isa = PBXBuildFile; fileRef = EA007A7F2B7FACEA00E31ADA /* ToiletViewCell.swift */; };
		EA007A832B7FAD4D00E31ADA /* CGFloat+Extensions.swift in Sources */ = {isa = PBXBuildFile; fileRef = EA007A822B7FAD4D00E31ADA /* CGFloat+Extensions.swift */; };
/* End PBXBuildFile section */

/* Begin PBXContainerItemProxy section */
		EA007A2E2B7F616000E31ADA /* PBXContainerItemProxy */ = {
			isa = PBXContainerItemProxy;
			containerPortal = EA007A0F2B7F615D00E31ADA /* Project object */;
			proxyType = 1;
			remoteGlobalIDString = EA007A162B7F615D00E31ADA;
			remoteInfo = RssToilets;
		};
		EA007A382B7F616000E31ADA /* PBXContainerItemProxy */ = {
			isa = PBXContainerItemProxy;
			containerPortal = EA007A0F2B7F615D00E31ADA /* Project object */;
			proxyType = 1;
			remoteGlobalIDString = EA007A162B7F615D00E31ADA;
			remoteInfo = RssToilets;
		};
/* End PBXContainerItemProxy section */

/* Begin PBXFileReference section */
		EA007A172B7F615D00E31ADA /* RssToilets.app */ = {isa = PBXFileReference; explicitFileType = wrapper.application; includeInIndex = 0; path = RssToilets.app; sourceTree = BUILT_PRODUCTS_DIR; };
		EA007A1A2B7F615D00E31ADA /* AppDelegate.swift */ = {isa = PBXFileReference; lastKnownFileType = sourcecode.swift; path = AppDelegate.swift; sourceTree = "<group>"; };
		EA007A1E2B7F615D00E31ADA /* ToiletListViewController.swift */ = {isa = PBXFileReference; lastKnownFileType = sourcecode.swift; path = ToiletListViewController.swift; sourceTree = "<group>"; };
		EA007A232B7F616000E31ADA /* Assets.xcassets */ = {isa = PBXFileReference; lastKnownFileType = folder.assetcatalog; path = Assets.xcassets; sourceTree = "<group>"; };
		EA007A262B7F616000E31ADA /* Base */ = {isa = PBXFileReference; lastKnownFileType = file.storyboard; name = Base; path = Base.lproj/LaunchScreen.storyboard; sourceTree = "<group>"; };
		EA007A282B7F616000E31ADA /* Info.plist */ = {isa = PBXFileReference; lastKnownFileType = text.plist.xml; path = Info.plist; sourceTree = "<group>"; };
		EA007A2D2B7F616000E31ADA /* RssToiletsTests.xctest */ = {isa = PBXFileReference; explicitFileType = wrapper.cfbundle; includeInIndex = 0; path = RssToiletsTests.xctest; sourceTree = BUILT_PRODUCTS_DIR; };
		EA007A312B7F616000E31ADA /* RssToiletsTests.swift */ = {isa = PBXFileReference; lastKnownFileType = sourcecode.swift; path = RssToiletsTests.swift; sourceTree = "<group>"; };
		EA007A372B7F616000E31ADA /* RssToiletsUITests.xctest */ = {isa = PBXFileReference; explicitFileType = wrapper.cfbundle; includeInIndex = 0; path = RssToiletsUITests.xctest; sourceTree = BUILT_PRODUCTS_DIR; };
		EA007A502B7F69D200E31ADA /* AppConfiguration.swift */ = {isa = PBXFileReference; lastKnownFileType = sourcecode.swift; path = AppConfiguration.swift; sourceTree = "<group>"; };
		EA007A532B7F6B0E00E31ADA /* AppDIContainer.swift */ = {isa = PBXFileReference; lastKnownFileType = sourcecode.swift; path = AppDIContainer.swift; sourceTree = "<group>"; };
		EA007A552B7F6B5F00E31ADA /* AppFlowCoordinator.swift */ = {isa = PBXFileReference; lastKnownFileType = sourcecode.swift; path = AppFlowCoordinator.swift; sourceTree = "<group>"; };
		EA007A572B7F6B9900E31ADA /* AppAppearance.swift */ = {isa = PBXFileReference; lastKnownFileType = sourcecode.swift; path = AppAppearance.swift; sourceTree = "<group>"; };
		EA007A5B2B7F6E8B00E31ADA /* Endpoint.swift */ = {isa = PBXFileReference; lastKnownFileType = sourcecode.swift; path = Endpoint.swift; sourceTree = "<group>"; };
		EA007A5D2B7F6F3200E31ADA /* APIEndpoints.swift */ = {isa = PBXFileReference; lastKnownFileType = sourcecode.swift; path = APIEndpoints.swift; sourceTree = "<group>"; };
		EA007A5F2B7F729E00E31ADA /* NetworkConfig.swift */ = {isa = PBXFileReference; lastKnownFileType = sourcecode.swift; path = NetworkConfig.swift; sourceTree = "<group>"; };
		EA007A652B7F76AC00E31ADA /* RemoteToiletsRequest.swift */ = {isa = PBXFileReference; lastKnownFileType = sourcecode.swift; path = RemoteToiletsRequest.swift; sourceTree = "<group>"; };
		EA007A672B7F76B900E31ADA /* RemoteToilets.swift */ = {isa = PBXFileReference; lastKnownFileType = sourcecode.swift; path = RemoteToilets.swift; sourceTree = "<group>"; };
		EA007A6A2B7F7B6900E31ADA /* ToiletsRepositoryImpl.swift */ = {isa = PBXFileReference; lastKnownFileType = sourcecode.swift; path = ToiletsRepositoryImpl.swift; sourceTree = "<group>"; };
		EA007A6D2B7F7C0F00E31ADA /* ToiletsRepository.swift */ = {isa = PBXFileReference; lastKnownFileType = sourcecode.swift; path = ToiletsRepository.swift; sourceTree = "<group>"; };
		EA007A6F2B7F7D9B00E31ADA /* NetworkService.swift */ = {isa = PBXFileReference; lastKnownFileType = sourcecode.swift; path = NetworkService.swift; sourceTree = "<group>"; };
		EA007A732B7F9E0900E31ADA /* ToiletListUseCase.swift */ = {isa = PBXFileReference; lastKnownFileType = sourcecode.swift; path = ToiletListUseCase.swift; sourceTree = "<group>"; };
		EA007A762B7F9EF100E31ADA /* Toilet.swift */ = {isa = PBXFileReference; lastKnownFileType = sourcecode.swift; path = Toilet.swift; sourceTree = "<group>"; };
		EA007A792B7FA5F700E31ADA /* ToiletListPresenter.swift */ = {isa = PBXFileReference; lastKnownFileType = sourcecode.swift; path = ToiletListPresenter.swift; sourceTree = "<group>"; };
		EA007A7C2B7FA6D800E31ADA /* ToiletViewModel.swift */ = {isa = PBXFileReference; lastKnownFileType = sourcecode.swift; path = ToiletViewModel.swift; sourceTree = "<group>"; };
		EA007A7F2B7FACEA00E31ADA /* ToiletViewCell.swift */ = {isa = PBXFileReference; lastKnownFileType = sourcecode.swift; path = ToiletViewCell.swift; sourceTree = "<group>"; };
		EA007A822B7FAD4D00E31ADA /* CGFloat+Extensions.swift */ = {isa = PBXFileReference; lastKnownFileType = sourcecode.swift; path = "CGFloat+Extensions.swift"; sourceTree = "<group>"; };
/* End PBXFileReference section */

/* Begin PBXFrameworksBuildPhase section */
		EA007A142B7F615D00E31ADA /* Frameworks */ = {
			isa = PBXFrameworksBuildPhase;
			buildActionMask = 2147483647;
			files = (
			);
			runOnlyForDeploymentPostprocessing = 0;
		};
		EA007A2A2B7F616000E31ADA /* Frameworks */ = {
			isa = PBXFrameworksBuildPhase;
			buildActionMask = 2147483647;
			files = (
			);
			runOnlyForDeploymentPostprocessing = 0;
		};
		EA007A342B7F616000E31ADA /* Frameworks */ = {
			isa = PBXFrameworksBuildPhase;
			buildActionMask = 2147483647;
			files = (
			);
			runOnlyForDeploymentPostprocessing = 0;
		};
/* End PBXFrameworksBuildPhase section */

/* Begin PBXGroup section */
		EA007A0E2B7F615D00E31ADA = {
			isa = PBXGroup;
			children = (
				EA007A192B7F615D00E31ADA /* RssToilets */,
				EA007A302B7F616000E31ADA /* RssToiletsTests */,
				EA007A182B7F615D00E31ADA /* Products */,
			);
			sourceTree = "<group>";
		};
		EA007A182B7F615D00E31ADA /* Products */ = {
			isa = PBXGroup;
			children = (
				EA007A172B7F615D00E31ADA /* RssToilets.app */,
				EA007A2D2B7F616000E31ADA /* RssToiletsTests.xctest */,
				EA007A372B7F616000E31ADA /* RssToiletsUITests.xctest */,
			);
			name = Products;
			sourceTree = "<group>";
		};
		EA007A192B7F615D00E31ADA /* RssToilets */ = {
			isa = PBXGroup;
			children = (
				EA007A4A2B7F670500E31ADA /* Application */,
				EA007A4F2B7F676F00E31ADA /* Ressources */,
				EA007A4E2B7F676900E31ADA /* Common */,
				EA007A4D2B7F672400E31ADA /* Data */,
				EA007A4C2B7F671900E31ADA /* Domain */,
				EA007A4B2B7F670D00E31ADA /* Presentation */,
			);
			path = RssToilets;
			sourceTree = "<group>";
		};
		EA007A302B7F616000E31ADA /* RssToiletsTests */ = {
			isa = PBXGroup;
			children = (
				EA007A312B7F616000E31ADA /* RssToiletsTests.swift */,
			);
			path = RssToiletsTests;
			sourceTree = "<group>";
		};
		EA007A4A2B7F670500E31ADA /* Application */ = {
			isa = PBXGroup;
			children = (
				EA007A522B7F6AFA00E31ADA /* DIContainer */,
				EA007A1A2B7F615D00E31ADA /* AppDelegate.swift */,
				EA007A502B7F69D200E31ADA /* AppConfiguration.swift */,
				EA007A552B7F6B5F00E31ADA /* AppFlowCoordinator.swift */,
				EA007A572B7F6B9900E31ADA /* AppAppearance.swift */,
			);
			path = Application;
			sourceTree = "<group>";
		};
		EA007A4B2B7F670D00E31ADA /* Presentation */ = {
			isa = PBXGroup;
			children = (
				EA007A812B7FAD3F00E31ADA /* Utilities */,
				EA007A7E2B7FACD300E31ADA /* Views */,
				EA007A7B2B7FA6CB00E31ADA /* ViewModel */,
				EA007A782B7FA5D700E31ADA /* Presenter */,
			);
			path = Presentation;
			sourceTree = "<group>";
		};
		EA007A4C2B7F671900E31ADA /* Domain */ = {
			isa = PBXGroup;
			children = (
				EA007A752B7F9EE700E31ADA /* Entities */,
				EA007A722B7F9DDE00E31ADA /* UseCases */,
				EA007A6C2B7F7BF800E31ADA /* Interfaces */,
			);
			path = Domain;
			sourceTree = "<group>";
		};
		EA007A4D2B7F672400E31ADA /* Data */ = {
			isa = PBXGroup;
			children = (
				EA007A692B7F7B3500E31ADA /* Repositories */,
				EA007A5A2B7F6E7A00E31ADA /* Utilities */,
				EA007A592B7F6D8700E31ADA /* Network */,
			);
			path = Data;
			sourceTree = "<group>";
		};
		EA007A4E2B7F676900E31ADA /* Common */ = {
			isa = PBXGroup;
			children = (
			);
			path = Common;
			sourceTree = "<group>";
		};
		EA007A4F2B7F676F00E31ADA /* Ressources */ = {
			isa = PBXGroup;
			children = (
				EA007A232B7F616000E31ADA /* Assets.xcassets */,
				EA007A282B7F616000E31ADA /* Info.plist */,
				EA007A252B7F616000E31ADA /* LaunchScreen.storyboard */,
			);
			path = Ressources;
			sourceTree = "<group>";
		};
		EA007A522B7F6AFA00E31ADA /* DIContainer */ = {
			isa = PBXGroup;
			children = (
				EA007A532B7F6B0E00E31ADA /* AppDIContainer.swift */,
			);
			path = DIContainer;
			sourceTree = "<group>";
		};
		EA007A592B7F6D8700E31ADA /* Network */ = {
			isa = PBXGroup;
			children = (
				EA007A642B7F769000E31ADA /* DataMapping */,
				EA007A5D2B7F6F3200E31ADA /* APIEndpoints.swift */,
			);
			path = Network;
			sourceTree = "<group>";
		};
		EA007A5A2B7F6E7A00E31ADA /* Utilities */ = {
			isa = PBXGroup;
			children = (
				EA007A5B2B7F6E8B00E31ADA /* Endpoint.swift */,
				EA007A5F2B7F729E00E31ADA /* NetworkConfig.swift */,
				EA007A6F2B7F7D9B00E31ADA /* NetworkService.swift */,
			);
			path = Utilities;
			sourceTree = "<group>";
		};
		EA007A642B7F769000E31ADA /* DataMapping */ = {
			isa = PBXGroup;
			children = (
				EA007A652B7F76AC00E31ADA /* RemoteToiletsRequest.swift */,
				EA007A672B7F76B900E31ADA /* RemoteToilets.swift */,
			);
			path = DataMapping;
			sourceTree = "<group>";
		};
		EA007A692B7F7B3500E31ADA /* Repositories */ = {
			isa = PBXGroup;
			children = (
				EA007A6A2B7F7B6900E31ADA /* ToiletsRepositoryImpl.swift */,
			);
			path = Repositories;
			sourceTree = "<group>";
		};
		EA007A6C2B7F7BF800E31ADA /* Interfaces */ = {
			isa = PBXGroup;
			children = (
				EA007A6D2B7F7C0F00E31ADA /* ToiletsRepository.swift */,
			);
			path = Interfaces;
			sourceTree = "<group>";
		};
		EA007A722B7F9DDE00E31ADA /* UseCases */ = {
			isa = PBXGroup;
			children = (
				EA007A732B7F9E0900E31ADA /* ToiletListUseCase.swift */,
			);
			path = UseCases;
			sourceTree = "<group>";
		};
		EA007A752B7F9EE700E31ADA /* Entities */ = {
			isa = PBXGroup;
			children = (
				EA007A762B7F9EF100E31ADA /* Toilet.swift */,
			);
			path = Entities;
			sourceTree = "<group>";
		};
		EA007A782B7FA5D700E31ADA /* Presenter */ = {
			isa = PBXGroup;
			children = (
				EA007A792B7FA5F700E31ADA /* ToiletListPresenter.swift */,
			);
			path = Presenter;
			sourceTree = "<group>";
		};
		EA007A7B2B7FA6CB00E31ADA /* ViewModel */ = {
			isa = PBXGroup;
			children = (
				EA007A7C2B7FA6D800E31ADA /* ToiletViewModel.swift */,
			);
			path = ViewModel;
			sourceTree = "<group>";
		};
		EA007A7E2B7FACD300E31ADA /* Views */ = {
			isa = PBXGroup;
			children = (
				EA007A1E2B7F615D00E31ADA /* ToiletListViewController.swift */,
				EA007A7F2B7FACEA00E31ADA /* ToiletViewCell.swift */,
			);
			path = Views;
			sourceTree = "<group>";
		};
		EA007A812B7FAD3F00E31ADA /* Utilities */ = {
			isa = PBXGroup;
			children = (
				EA007A822B7FAD4D00E31ADA /* CGFloat+Extensions.swift */,
			);
			path = Utilities;
			sourceTree = "<group>";
		};
/* End PBXGroup section */

/* Begin PBXNativeTarget section */
		EA007A162B7F615D00E31ADA /* RssToilets */ = {
			isa = PBXNativeTarget;
			buildConfigurationList = EA007A412B7F616000E31ADA /* Build configuration list for PBXNativeTarget "RssToilets" */;
			buildPhases = (
				EA007A132B7F615D00E31ADA /* Sources */,
				EA007A142B7F615D00E31ADA /* Frameworks */,
				EA007A152B7F615D00E31ADA /* Resources */,
			);
			buildRules = (
			);
			dependencies = (
			);
			name = RssToilets;
			productName = RssToilets;
			productReference = EA007A172B7F615D00E31ADA /* RssToilets.app */;
			productType = "com.apple.product-type.application";
		};
		EA007A2C2B7F616000E31ADA /* RssToiletsTests */ = {
			isa = PBXNativeTarget;
			buildConfigurationList = EA007A442B7F616000E31ADA /* Build configuration list for PBXNativeTarget "RssToiletsTests" */;
			buildPhases = (
				EA007A292B7F616000E31ADA /* Sources */,
				EA007A2A2B7F616000E31ADA /* Frameworks */,
				EA007A2B2B7F616000E31ADA /* Resources */,
			);
			buildRules = (
			);
			dependencies = (
				EA007A2F2B7F616000E31ADA /* PBXTargetDependency */,
			);
			name = RssToiletsTests;
			productName = RssToiletsTests;
			productReference = EA007A2D2B7F616000E31ADA /* RssToiletsTests.xctest */;
			productType = "com.apple.product-type.bundle.unit-test";
		};
		EA007A362B7F616000E31ADA /* RssToiletsUITests */ = {
			isa = PBXNativeTarget;
			buildConfigurationList = EA007A472B7F616000E31ADA /* Build configuration list for PBXNativeTarget "RssToiletsUITests" */;
			buildPhases = (
				EA007A332B7F616000E31ADA /* Sources */,
				EA007A342B7F616000E31ADA /* Frameworks */,
				EA007A352B7F616000E31ADA /* Resources */,
			);
			buildRules = (
			);
			dependencies = (
				EA007A392B7F616000E31ADA /* PBXTargetDependency */,
			);
			name = RssToiletsUITests;
			productName = RssToiletsUITests;
			productReference = EA007A372B7F616000E31ADA /* RssToiletsUITests.xctest */;
			productType = "com.apple.product-type.bundle.ui-testing";
		};
/* End PBXNativeTarget section */

/* Begin PBXProject section */
		EA007A0F2B7F615D00E31ADA /* Project object */ = {
			isa = PBXProject;
			attributes = {
				BuildIndependentTargetsInParallel = 1;
				LastSwiftUpdateCheck = 1520;
				LastUpgradeCheck = 1520;
				TargetAttributes = {
					EA007A162B7F615D00E31ADA = {
						CreatedOnToolsVersion = 15.2;
					};
					EA007A2C2B7F616000E31ADA = {
						CreatedOnToolsVersion = 15.2;
						TestTargetID = EA007A162B7F615D00E31ADA;
					};
					EA007A362B7F616000E31ADA = {
						CreatedOnToolsVersion = 15.2;
						TestTargetID = EA007A162B7F615D00E31ADA;
					};
				};
			};
			buildConfigurationList = EA007A122B7F615D00E31ADA /* Build configuration list for PBXProject "RssToilets" */;
			compatibilityVersion = "Xcode 14.0";
			developmentRegion = en;
			hasScannedForEncodings = 0;
			knownRegions = (
				en,
				Base,
			);
			mainGroup = EA007A0E2B7F615D00E31ADA;
			productRefGroup = EA007A182B7F615D00E31ADA /* Products */;
			projectDirPath = "";
			projectRoot = "";
			targets = (
				EA007A162B7F615D00E31ADA /* RssToilets */,
				EA007A2C2B7F616000E31ADA /* RssToiletsTests */,
				EA007A362B7F616000E31ADA /* RssToiletsUITests */,
			);
		};
/* End PBXProject section */

/* Begin PBXResourcesBuildPhase section */
		EA007A152B7F615D00E31ADA /* Resources */ = {
			isa = PBXResourcesBuildPhase;
			buildActionMask = 2147483647;
			files = (
				EA007A272B7F616000E31ADA /* LaunchScreen.storyboard in Resources */,
				EA007A242B7F616000E31ADA /* Assets.xcassets in Resources */,
			);
			runOnlyForDeploymentPostprocessing = 0;
		};
		EA007A2B2B7F616000E31ADA /* Resources */ = {
			isa = PBXResourcesBuildPhase;
			buildActionMask = 2147483647;
			files = (
			);
			runOnlyForDeploymentPostprocessing = 0;
		};
		EA007A352B7F616000E31ADA /* Resources */ = {
			isa = PBXResourcesBuildPhase;
			buildActionMask = 2147483647;
			files = (
			);
			runOnlyForDeploymentPostprocessing = 0;
		};
/* End PBXResourcesBuildPhase section */

/* Begin PBXSourcesBuildPhase section */
		EA007A132B7F615D00E31ADA /* Sources */ = {
			isa = PBXSourcesBuildPhase;
			buildActionMask = 2147483647;
			files = (
				EA007A742B7F9E0900E31ADA /* ToiletListUseCase.swift in Sources */,
				EA007A6E2B7F7C0F00E31ADA /* ToiletsRepository.swift in Sources */,
				EA007A662B7F76AC00E31ADA /* RemoteToiletsRequest.swift in Sources */,
				EA007A682B7F76B900E31ADA /* RemoteToilets.swift in Sources */,
				EA007A702B7F7D9B00E31ADA /* NetworkService.swift in Sources */,
				EA007A802B7FACEA00E31ADA /* ToiletViewCell.swift in Sources */,
				EA007A832B7FAD4D00E31ADA /* CGFloat+Extensions.swift in Sources */,
				EA007A5C2B7F6E8B00E31ADA /* Endpoint.swift in Sources */,
				EA007A1F2B7F615D00E31ADA /* ToiletListViewController.swift in Sources */,
				EA007A1B2B7F615D00E31ADA /* AppDelegate.swift in Sources */,
				EA007A772B7F9EF100E31ADA /* Toilet.swift in Sources */,
				EA007A5E2B7F6F3200E31ADA /* APIEndpoints.swift in Sources */,
				EA007A542B7F6B0E00E31ADA /* AppDIContainer.swift in Sources */,
				EA007A512B7F69D200E31ADA /* AppConfiguration.swift in Sources */,
				EA007A562B7F6B5F00E31ADA /* AppFlowCoordinator.swift in Sources */,
				EA007A582B7F6B9900E31ADA /* AppAppearance.swift in Sources */,
				EA007A7A2B7FA5F700E31ADA /* ToiletListPresenter.swift in Sources */,
				EA007A7D2B7FA6D800E31ADA /* ToiletViewModel.swift in Sources */,
				EA007A6B2B7F7B6900E31ADA /* ToiletsRepositoryImpl.swift in Sources */,
				EA007A602B7F729E00E31ADA /* NetworkConfig.swift in Sources */,
			);
			runOnlyForDeploymentPostprocessing = 0;
		};
		EA007A292B7F616000E31ADA /* Sources */ = {
			isa = PBXSourcesBuildPhase;
			buildActionMask = 2147483647;
			files = (
				EA007A322B7F616000E31ADA /* RssToiletsTests.swift in Sources */,
			);
			runOnlyForDeploymentPostprocessing = 0;
		};
		EA007A332B7F616000E31ADA /* Sources */ = {
			isa = PBXSourcesBuildPhase;
			buildActionMask = 2147483647;
			files = (
			);
			runOnlyForDeploymentPostprocessing = 0;
		};
/* End PBXSourcesBuildPhase section */

/* Begin PBXTargetDependency section */
		EA007A2F2B7F616000E31ADA /* PBXTargetDependency */ = {
			isa = PBXTargetDependency;
			target = EA007A162B7F615D00E31ADA /* RssToilets */;
			targetProxy = EA007A2E2B7F616000E31ADA /* PBXContainerItemProxy */;
		};
		EA007A392B7F616000E31ADA /* PBXTargetDependency */ = {
			isa = PBXTargetDependency;
			target = EA007A162B7F615D00E31ADA /* RssToilets */;
			targetProxy = EA007A382B7F616000E31ADA /* PBXContainerItemProxy */;
		};
/* End PBXTargetDependency section */

/* Begin PBXVariantGroup section */
		EA007A252B7F616000E31ADA /* LaunchScreen.storyboard */ = {
			isa = PBXVariantGroup;
			children = (
				EA007A262B7F616000E31ADA /* Base */,
			);
			name = LaunchScreen.storyboard;
			sourceTree = "<group>";
		};
/* End PBXVariantGroup section */

/* Begin XCBuildConfiguration section */
		EA007A3F2B7F616000E31ADA /* Debug */ = {
			isa = XCBuildConfiguration;
			buildSettings = {
				ALWAYS_SEARCH_USER_PATHS = NO;
				ASSETCATALOG_COMPILER_GENERATE_SWIFT_ASSET_SYMBOL_EXTENSIONS = YES;
				CLANG_ANALYZER_NONNULL = YES;
				CLANG_ANALYZER_NUMBER_OBJECT_CONVERSION = YES_AGGRESSIVE;
				CLANG_CXX_LANGUAGE_STANDARD = "gnu++20";
				CLANG_ENABLE_MODULES = YES;
				CLANG_ENABLE_OBJC_ARC = YES;
				CLANG_ENABLE_OBJC_WEAK = YES;
				CLANG_WARN_BLOCK_CAPTURE_AUTORELEASING = YES;
				CLANG_WARN_BOOL_CONVERSION = YES;
				CLANG_WARN_COMMA = YES;
				CLANG_WARN_CONSTANT_CONVERSION = YES;
				CLANG_WARN_DEPRECATED_OBJC_IMPLEMENTATIONS = YES;
				CLANG_WARN_DIRECT_OBJC_ISA_USAGE = YES_ERROR;
				CLANG_WARN_DOCUMENTATION_COMMENTS = YES;
				CLANG_WARN_EMPTY_BODY = YES;
				CLANG_WARN_ENUM_CONVERSION = YES;
				CLANG_WARN_INFINITE_RECURSION = YES;
				CLANG_WARN_INT_CONVERSION = YES;
				CLANG_WARN_NON_LITERAL_NULL_CONVERSION = YES;
				CLANG_WARN_OBJC_IMPLICIT_RETAIN_SELF = YES;
				CLANG_WARN_OBJC_LITERAL_CONVERSION = YES;
				CLANG_WARN_OBJC_ROOT_CLASS = YES_ERROR;
				CLANG_WARN_QUOTED_INCLUDE_IN_FRAMEWORK_HEADER = YES;
				CLANG_WARN_RANGE_LOOP_ANALYSIS = YES;
				CLANG_WARN_STRICT_PROTOTYPES = YES;
				CLANG_WARN_SUSPICIOUS_MOVE = YES;
				CLANG_WARN_UNGUARDED_AVAILABILITY = YES_AGGRESSIVE;
				CLANG_WARN_UNREACHABLE_CODE = YES;
				CLANG_WARN__DUPLICATE_METHOD_MATCH = YES;
				COPY_PHASE_STRIP = NO;
				DEBUG_INFORMATION_FORMAT = dwarf;
				ENABLE_STRICT_OBJC_MSGSEND = YES;
				ENABLE_TESTABILITY = YES;
				ENABLE_USER_SCRIPT_SANDBOXING = YES;
				GCC_C_LANGUAGE_STANDARD = gnu17;
				GCC_DYNAMIC_NO_PIC = NO;
				GCC_NO_COMMON_BLOCKS = YES;
				GCC_OPTIMIZATION_LEVEL = 0;
				GCC_PREPROCESSOR_DEFINITIONS = (
					"DEBUG=1",
					"$(inherited)",
				);
				GCC_WARN_64_TO_32_BIT_CONVERSION = YES;
				GCC_WARN_ABOUT_RETURN_TYPE = YES_ERROR;
				GCC_WARN_UNDECLARED_SELECTOR = YES;
				GCC_WARN_UNINITIALIZED_AUTOS = YES_AGGRESSIVE;
				GCC_WARN_UNUSED_FUNCTION = YES;
				GCC_WARN_UNUSED_VARIABLE = YES;
				IPHONEOS_DEPLOYMENT_TARGET = 17.2;
				LOCALIZATION_PREFERS_STRING_CATALOGS = YES;
				MTL_ENABLE_DEBUG_INFO = INCLUDE_SOURCE;
				MTL_FAST_MATH = YES;
				ONLY_ACTIVE_ARCH = YES;
				SDKROOT = iphoneos;
				SWIFT_ACTIVE_COMPILATION_CONDITIONS = "DEBUG $(inherited)";
				SWIFT_OPTIMIZATION_LEVEL = "-Onone";
			};
			name = Debug;
		};
		EA007A402B7F616000E31ADA /* Release */ = {
			isa = XCBuildConfiguration;
			buildSettings = {
				ALWAYS_SEARCH_USER_PATHS = NO;
				ASSETCATALOG_COMPILER_GENERATE_SWIFT_ASSET_SYMBOL_EXTENSIONS = YES;
				CLANG_ANALYZER_NONNULL = YES;
				CLANG_ANALYZER_NUMBER_OBJECT_CONVERSION = YES_AGGRESSIVE;
				CLANG_CXX_LANGUAGE_STANDARD = "gnu++20";
				CLANG_ENABLE_MODULES = YES;
				CLANG_ENABLE_OBJC_ARC = YES;
				CLANG_ENABLE_OBJC_WEAK = YES;
				CLANG_WARN_BLOCK_CAPTURE_AUTORELEASING = YES;
				CLANG_WARN_BOOL_CONVERSION = YES;
				CLANG_WARN_COMMA = YES;
				CLANG_WARN_CONSTANT_CONVERSION = YES;
				CLANG_WARN_DEPRECATED_OBJC_IMPLEMENTATIONS = YES;
				CLANG_WARN_DIRECT_OBJC_ISA_USAGE = YES_ERROR;
				CLANG_WARN_DOCUMENTATION_COMMENTS = YES;
				CLANG_WARN_EMPTY_BODY = YES;
				CLANG_WARN_ENUM_CONVERSION = YES;
				CLANG_WARN_INFINITE_RECURSION = YES;
				CLANG_WARN_INT_CONVERSION = YES;
				CLANG_WARN_NON_LITERAL_NULL_CONVERSION = YES;
				CLANG_WARN_OBJC_IMPLICIT_RETAIN_SELF = YES;
				CLANG_WARN_OBJC_LITERAL_CONVERSION = YES;
				CLANG_WARN_OBJC_ROOT_CLASS = YES_ERROR;
				CLANG_WARN_QUOTED_INCLUDE_IN_FRAMEWORK_HEADER = YES;
				CLANG_WARN_RANGE_LOOP_ANALYSIS = YES;
				CLANG_WARN_STRICT_PROTOTYPES = YES;
				CLANG_WARN_SUSPICIOUS_MOVE = YES;
				CLANG_WARN_UNGUARDED_AVAILABILITY = YES_AGGRESSIVE;
				CLANG_WARN_UNREACHABLE_CODE = YES;
				CLANG_WARN__DUPLICATE_METHOD_MATCH = YES;
				COPY_PHASE_STRIP = NO;
				DEBUG_INFORMATION_FORMAT = "dwarf-with-dsym";
				ENABLE_NS_ASSERTIONS = NO;
				ENABLE_STRICT_OBJC_MSGSEND = YES;
				ENABLE_USER_SCRIPT_SANDBOXING = YES;
				GCC_C_LANGUAGE_STANDARD = gnu17;
				GCC_NO_COMMON_BLOCKS = YES;
				GCC_WARN_64_TO_32_BIT_CONVERSION = YES;
				GCC_WARN_ABOUT_RETURN_TYPE = YES_ERROR;
				GCC_WARN_UNDECLARED_SELECTOR = YES;
				GCC_WARN_UNINITIALIZED_AUTOS = YES_AGGRESSIVE;
				GCC_WARN_UNUSED_FUNCTION = YES;
				GCC_WARN_UNUSED_VARIABLE = YES;
				IPHONEOS_DEPLOYMENT_TARGET = 17.2;
				LOCALIZATION_PREFERS_STRING_CATALOGS = YES;
				MTL_ENABLE_DEBUG_INFO = NO;
				MTL_FAST_MATH = YES;
				SDKROOT = iphoneos;
				SWIFT_COMPILATION_MODE = wholemodule;
				VALIDATE_PRODUCT = YES;
			};
			name = Release;
		};
		EA007A422B7F616000E31ADA /* Debug */ = {
			isa = XCBuildConfiguration;
			buildSettings = {
				ASSETCATALOG_COMPILER_APPICON_NAME = AppIcon;
				ASSETCATALOG_COMPILER_GLOBAL_ACCENT_COLOR_NAME = AccentColor;
				CODE_SIGN_STYLE = Automatic;
				CURRENT_PROJECT_VERSION = 1;
				GENERATE_INFOPLIST_FILE = YES;
				INFOPLIST_FILE = RssToilets/Ressources/Info.plist;
				INFOPLIST_KEY_UIApplicationSupportsIndirectInputEvents = YES;
				INFOPLIST_KEY_UILaunchStoryboardName = LaunchScreen;
				INFOPLIST_KEY_UIMainStoryboardFile = LaunchScreen;
				INFOPLIST_KEY_UISupportedInterfaceOrientations_iPad = "UIInterfaceOrientationPortrait UIInterfaceOrientationPortraitUpsideDown UIInterfaceOrientationLandscapeLeft UIInterfaceOrientationLandscapeRight";
				INFOPLIST_KEY_UISupportedInterfaceOrientations_iPhone = "UIInterfaceOrientationPortrait UIInterfaceOrientationLandscapeLeft UIInterfaceOrientationLandscapeRight";
				LD_RUNPATH_SEARCH_PATHS = (
					"$(inherited)",
					"@executable_path/Frameworks",
				);
				MARKETING_VERSION = 1.0;
				PRODUCT_BUNDLE_IDENTIFIER = "kevin-ha.RssToilets";
				PRODUCT_NAME = "$(TARGET_NAME)";
				SWIFT_EMIT_LOC_STRINGS = YES;
				SWIFT_VERSION = 5.0;
				TARGETED_DEVICE_FAMILY = "1,2";
			};
			name = Debug;
		};
		EA007A432B7F616000E31ADA /* Release */ = {
			isa = XCBuildConfiguration;
			buildSettings = {
				ASSETCATALOG_COMPILER_APPICON_NAME = AppIcon;
				ASSETCATALOG_COMPILER_GLOBAL_ACCENT_COLOR_NAME = AccentColor;
				CODE_SIGN_STYLE = Automatic;
				CURRENT_PROJECT_VERSION = 1;
				GENERATE_INFOPLIST_FILE = YES;
				INFOPLIST_FILE = RssToilets/Ressources/Info.plist;
				INFOPLIST_KEY_UIApplicationSupportsIndirectInputEvents = YES;
				INFOPLIST_KEY_UILaunchStoryboardName = LaunchScreen;
				INFOPLIST_KEY_UIMainStoryboardFile = LaunchScreen;
				INFOPLIST_KEY_UISupportedInterfaceOrientations_iPad = "UIInterfaceOrientationPortrait UIInterfaceOrientationPortraitUpsideDown UIInterfaceOrientationLandscapeLeft UIInterfaceOrientationLandscapeRight";
				INFOPLIST_KEY_UISupportedInterfaceOrientations_iPhone = "UIInterfaceOrientationPortrait UIInterfaceOrientationLandscapeLeft UIInterfaceOrientationLandscapeRight";
				LD_RUNPATH_SEARCH_PATHS = (
					"$(inherited)",
					"@executable_path/Frameworks",
				);
				MARKETING_VERSION = 1.0;
				PRODUCT_BUNDLE_IDENTIFIER = "kevin-ha.RssToilets";
				PRODUCT_NAME = "$(TARGET_NAME)";
				SWIFT_EMIT_LOC_STRINGS = YES;
				SWIFT_VERSION = 5.0;
				TARGETED_DEVICE_FAMILY = "1,2";
			};
			name = Release;
		};
		EA007A452B7F616000E31ADA /* Debug */ = {
			isa = XCBuildConfiguration;
			buildSettings = {
				ALWAYS_EMBED_SWIFT_STANDARD_LIBRARIES = YES;
				BUNDLE_LOADER = "$(TEST_HOST)";
				CODE_SIGN_STYLE = Automatic;
				CURRENT_PROJECT_VERSION = 1;
				GENERATE_INFOPLIST_FILE = YES;
				IPHONEOS_DEPLOYMENT_TARGET = 17.2;
				MARKETING_VERSION = 1.0;
				PRODUCT_BUNDLE_IDENTIFIER = "kevin-ha.RssToiletsTests";
				PRODUCT_NAME = "$(TARGET_NAME)";
				SWIFT_EMIT_LOC_STRINGS = NO;
				SWIFT_VERSION = 5.0;
				TARGETED_DEVICE_FAMILY = "1,2";
				TEST_HOST = "$(BUILT_PRODUCTS_DIR)/RssToilets.app/$(BUNDLE_EXECUTABLE_FOLDER_PATH)/RssToilets";
			};
			name = Debug;
		};
		EA007A462B7F616000E31ADA /* Release */ = {
			isa = XCBuildConfiguration;
			buildSettings = {
				ALWAYS_EMBED_SWIFT_STANDARD_LIBRARIES = YES;
				BUNDLE_LOADER = "$(TEST_HOST)";
				CODE_SIGN_STYLE = Automatic;
				CURRENT_PROJECT_VERSION = 1;
				GENERATE_INFOPLIST_FILE = YES;
				IPHONEOS_DEPLOYMENT_TARGET = 17.2;
				MARKETING_VERSION = 1.0;
				PRODUCT_BUNDLE_IDENTIFIER = "kevin-ha.RssToiletsTests";
				PRODUCT_NAME = "$(TARGET_NAME)";
				SWIFT_EMIT_LOC_STRINGS = NO;
				SWIFT_VERSION = 5.0;
				TARGETED_DEVICE_FAMILY = "1,2";
				TEST_HOST = "$(BUILT_PRODUCTS_DIR)/RssToilets.app/$(BUNDLE_EXECUTABLE_FOLDER_PATH)/RssToilets";
			};
			name = Release;
		};
		EA007A482B7F616000E31ADA /* Debug */ = {
			isa = XCBuildConfiguration;
			buildSettings = {
				ALWAYS_EMBED_SWIFT_STANDARD_LIBRARIES = YES;
				CODE_SIGN_STYLE = Automatic;
				CURRENT_PROJECT_VERSION = 1;
				GENERATE_INFOPLIST_FILE = YES;
				MARKETING_VERSION = 1.0;
				PRODUCT_BUNDLE_IDENTIFIER = "kevin-ha.RssToiletsUITests";
				PRODUCT_NAME = "$(TARGET_NAME)";
				SWIFT_EMIT_LOC_STRINGS = NO;
				SWIFT_VERSION = 5.0;
				TARGETED_DEVICE_FAMILY = "1,2";
				TEST_TARGET_NAME = RssToilets;
			};
			name = Debug;
		};
		EA007A492B7F616000E31ADA /* Release */ = {
			isa = XCBuildConfiguration;
			buildSettings = {
				ALWAYS_EMBED_SWIFT_STANDARD_LIBRARIES = YES;
				CODE_SIGN_STYLE = Automatic;
				CURRENT_PROJECT_VERSION = 1;
				GENERATE_INFOPLIST_FILE = YES;
				MARKETING_VERSION = 1.0;
				PRODUCT_BUNDLE_IDENTIFIER = "kevin-ha.RssToiletsUITests";
				PRODUCT_NAME = "$(TARGET_NAME)";
				SWIFT_EMIT_LOC_STRINGS = NO;
				SWIFT_VERSION = 5.0;
				TARGETED_DEVICE_FAMILY = "1,2";
				TEST_TARGET_NAME = RssToilets;
			};
			name = Release;
		};
/* End XCBuildConfiguration section */

/* Begin XCConfigurationList section */
		EA007A122B7F615D00E31ADA /* Build configuration list for PBXProject "RssToilets" */ = {
			isa = XCConfigurationList;
			buildConfigurations = (
				EA007A3F2B7F616000E31ADA /* Debug */,
				EA007A402B7F616000E31ADA /* Release */,
			);
			defaultConfigurationIsVisible = 0;
			defaultConfigurationName = Release;
		};
		EA007A412B7F616000E31ADA /* Build configuration list for PBXNativeTarget "RssToilets" */ = {
			isa = XCConfigurationList;
			buildConfigurations = (
				EA007A422B7F616000E31ADA /* Debug */,
				EA007A432B7F616000E31ADA /* Release */,
			);
			defaultConfigurationIsVisible = 0;
			defaultConfigurationName = Release;
		};
		EA007A442B7F616000E31ADA /* Build configuration list for PBXNativeTarget "RssToiletsTests" */ = {
			isa = XCConfigurationList;
			buildConfigurations = (
				EA007A452B7F616000E31ADA /* Debug */,
				EA007A462B7F616000E31ADA /* Release */,
			);
			defaultConfigurationIsVisible = 0;
			defaultConfigurationName = Release;
		};
		EA007A472B7F616000E31ADA /* Build configuration list for PBXNativeTarget "RssToiletsUITests" */ = {
			isa = XCConfigurationList;
			buildConfigurations = (
				EA007A482B7F616000E31ADA /* Debug */,
				EA007A492B7F616000E31ADA /* Release */,
			);
			defaultConfigurationIsVisible = 0;
			defaultConfigurationName = Release;
		};
/* End XCConfigurationList section */
	};
	rootObject = EA007A0F2B7F615D00E31ADA /* Project object */;
}
